
Microsoft Visual Studio Solution File, Format Version 12.00
# Visual Studio Version 17
VisualStudioVersion = 17.14.36429.23 d17.14
MinimumVisualStudioVersion = 10.0.40219.1
Project("{FAE04EC0-301F-11D3-BF4B-00C04F79EFBC}") = "tl1", "tl1\tl1.csproj", "{EA1F3A51-E282-4463-9C98-0E3682A62FE8}"
EndProject
Global
	GlobalSection(SolutionConfigurationPlatforms) = preSolution
		Debug|Any CPU = Debug|Any CPU
		Release|Any CPU = Release|Any CPU
	EndGlobalSection
	GlobalSection(ProjectConfigurationPlatforms) = postSolution
		{EA1F3A51-E282-4463-9C98-0E3682A62FE8}.Debug|Any CPU.ActiveCfg = Debug|Any CPU
		{EA1F3A51-E282-4463-9C98-0E3682A62FE8}.Debug|Any CPU.Build.0 = Debug|Any CPU
		{EA1F3A51-E282-4463-9C98-0E3682A62FE8}.Debug|Any CPU.Deploy.0 = Debug|Any CPU
		{EA1F3A51-E282-4463-9C98-0E3682A62FE8}.Release|Any CPU.ActiveCfg = Release|Any CPU
		{EA1F3A51-E282-4463-9C98-0E3682A62FE8}.Release|Any CPU.Build.0 = Release|Any CPU
		{EA1F3A51-E282-4463-9C98-0E3682A62FE8}.Release|Any CPU.Deploy.0 = Release|Any CPU
	EndGlobalSection
	GlobalSection(SolutionProperties) = preSolution
		HideSolutionNode = FALSE
	EndGlobalSection
	GlobalSection(ExtensibilityGlobals) = postSolution
		SolutionGuid = {6F357FEF-795B-4F55-927D-896E9A1F5898}
	EndGlobalSection
EndGlobal
